// !$*UTF8*$!
{
	archiveVersion = 1;
	classes = {
	};
	objectVersion = 55;
	objects = {

/* Begin PBXBuildFile section */
		C166A568273C55D8002628A4 /* PersonInfoViewController.swift in Sources */ = {isa = PBXBuildFile; fileRef = C166A567273C55D8002628A4 /* PersonInfoViewController.swift */; };
		C1ACE1502739B32000929844 /* AppDelegate.swift in Sources */ = {isa = PBXBuildFile; fileRef = C1ACE14F2739B32000929844 /* AppDelegate.swift */; };
		C1ACE1522739B32000929844 /* SceneDelegate.swift in Sources */ = {isa = PBXBuildFile; fileRef = C1ACE1512739B32000929844 /* SceneDelegate.swift */; };
		C1ACE1542739B32000929844 /* PersonsSecondTableViewController.swift in Sources */ = {isa = PBXBuildFile; fileRef = C1ACE1532739B32000929844 /* PersonsSecondTableViewController.swift */; };
		C1ACE1572739B32000929844 /* Main.storyboard in Resources */ = {isa = PBXBuildFile; fileRef = C1ACE1552739B32000929844 /* Main.storyboard */; };
		C1ACE1592739B32100929844 /* Assets.xcassets in Resources */ = {isa = PBXBuildFile; fileRef = C1ACE1582739B32100929844 /* Assets.xcassets */; };
		C1ACE15C2739B32100929844 /* LaunchScreen.storyboard in Resources */ = {isa = PBXBuildFile; fileRef = C1ACE15A2739B32100929844 /* LaunchScreen.storyboard */; };
		C1ACE1642739B3C100929844 /* PersonsTableViewController.swift in Sources */ = {isa = PBXBuildFile; fileRef = C1ACE1632739B3C100929844 /* PersonsTableViewController.swift */; };
		C1ACE1662739BB3800929844 /* PersonModel.swift in Sources */ = {isa = PBXBuildFile; fileRef = C1ACE1652739BB3800929844 /* PersonModel.swift */; };
		C1ACE1682739BB5200929844 /* Service.swift in Sources */ = {isa = PBXBuildFile; fileRef = C1ACE1672739BB5200929844 /* Service.swift */; };
/* End PBXBuildFile section */

/* Begin PBXFileReference section */
		C166A567273C55D8002628A4 /* PersonInfoViewController.swift */ = {isa = PBXFileReference; lastKnownFileType = sourcecode.swift; path = PersonInfoViewController.swift; sourceTree = "<group>"; };
		C1ACE14C2739B32000929844 /* ContactsList.app */ = {isa = PBXFileReference; explicitFileType = wrapper.application; includeInIndex = 0; path = ContactsList.app; sourceTree = BUILT_PRODUCTS_DIR; };
		C1ACE14F2739B32000929844 /* AppDelegate.swift */ = {isa = PBXFileReference; lastKnownFileType = sourcecode.swift; path = AppDelegate.swift; sourceTree = "<group>"; };
		C1ACE1512739B32000929844 /* SceneDelegate.swift */ = {isa = PBXFileReference; lastKnownFileType = sourcecode.swift; path = SceneDelegate.swift; sourceTree = "<group>"; };
		C1ACE1532739B32000929844 /* PersonsSecondTableViewController.swift */ = {isa = PBXFileReference; lastKnownFileType = sourcecode.swift; path = PersonsSecondTableViewController.swift; sourceTree = "<group>"; };
		C1ACE1562739B32000929844 /* Base */ = {isa = PBXFileReference; lastKnownFileType = file.storyboard; name = Base; path = Base.lproj/Main.storyboard; sourceTree = "<group>"; };
		C1ACE1582739B32100929844 /* Assets.xcassets */ = {isa = PBXFileReference; lastKnownFileType = folder.assetcatalog; path = Assets.xcassets; sourceTree = "<group>"; };
		C1ACE15B2739B32100929844 /* Base */ = {isa = PBXFileReference; lastKnownFileType = file.storyboard; name = Base; path = Base.lproj/LaunchScreen.storyboard; sourceTree = "<group>"; };
		C1ACE15D2739B32100929844 /* Info.plist */ = {isa = PBXFileReference; lastKnownFileType = text.plist.xml; path = Info.plist; sourceTree = "<group>"; };
		C1ACE1632739B3C100929844 /* PersonsTableViewController.swift */ = {isa = PBXFileReference; lastKnownFileType = sourcecode.swift; path = PersonsTableViewController.swift; sourceTree = "<group>"; };
		C1ACE1652739BB3800929844 /* PersonModel.swift */ = {isa = PBXFileReference; lastKnownFileType = sourcecode.swift; path = PersonModel.swift; sourceTree = "<group>"; };
		C1ACE1672739BB5200929844 /* Service.swift */ = {isa = PBXFileReference; lastKnownFileType = sourcecode.swift; path = Service.swift; sourceTree = "<group>"; };
/* End PBXFileReference section */

/* Begin PBXFrameworksBuildPhase section */
		C1ACE1492739B32000929844 /* Frameworks */ = {
			isa = PBXFrameworksBuildPhase;
			buildActionMask = 2147483647;
			files = (
			);
			runOnlyForDeploymentPostprocessing = 0;
		};
/* End PBXFrameworksBuildPhase section */

/* Begin PBXGroup section */
		C166A569273C6886002628A4 /* Screens */ = {
			isa = PBXGroup;
			children = (
				C1ACE15A2739B32100929844 /* LaunchScreen.storyboard */,
				C1ACE1552739B32000929844 /* Main.storyboard */,
			);
			path = Screens;
			sourceTree = "<group>";
		};
		C1ACE1432739B32000929844 = {
			isa = PBXGroup;
			children = (
				C1ACE14E2739B32000929844 /* ContactsList */,
				C1ACE14D2739B32000929844 /* Products */,
			);
			sourceTree = "<group>";
		};
		C1ACE14D2739B32000929844 /* Products */ = {
			isa = PBXGroup;
			children = (
				C1ACE14C2739B32000929844 /* ContactsList.app */,
			);
			name = Products;
			sourceTree = "<group>";
		};
		C1ACE14E2739B32000929844 /* ContactsList */ = {
			isa = PBXGroup;
			children = (
				C1ACE16A2739D5E600929844 /* Services */,
				C1ACE16B2739D5F700929844 /* ViewControllers */,
				C1ACE1692739D5D100929844 /* Model */,
				C166A569273C6886002628A4 /* Screens */,
				C1ACE14F2739B32000929844 /* AppDelegate.swift */,
				C1ACE1512739B32000929844 /* SceneDelegate.swift */,
				C1ACE1582739B32100929844 /* Assets.xcassets */,
				C1ACE15D2739B32100929844 /* Info.plist */,
			);
			path = ContactsList;
			sourceTree = "<group>";
		};
		C1ACE1692739D5D100929844 /* Model */ = {
			isa = PBXGroup;
			children = (
				C1ACE1652739BB3800929844 /* PersonModel.swift */,
			);
			path = Model;
			sourceTree = "<group>";
		};
		C1ACE16A2739D5E600929844 /* Services */ = {
			isa = PBXGroup;
			children = (
				C1ACE1672739BB5200929844 /* Service.swift */,
			);
			path = Services;
			sourceTree = "<group>";
		};
		C1ACE16B2739D5F700929844 /* ViewControllers */ = {
			isa = PBXGroup;
			children = (
				C166A567273C55D8002628A4 /* PersonInfoViewController.swift */,
				C1ACE1632739B3C100929844 /* PersonsTableViewController.swift */,
				C1ACE1532739B32000929844 /* PersonsSecondTableViewController.swift */,
			);
			path = ViewControllers;
			sourceTree = "<group>";
		};
/* End PBXGroup section */

/* Begin PBXNativeTarget section */
		C1ACE14B2739B32000929844 /* ContactsList */ = {
			isa = PBXNativeTarget;
			buildConfigurationList = C1ACE1602739B32100929844 /* Build configuration list for PBXNativeTarget "ContactsList" */;
			buildPhases = (
				C1ACE1482739B32000929844 /* Sources */,
				C1ACE1492739B32000929844 /* Frameworks */,
				C1ACE14A2739B32000929844 /* Resources */,
			);
			buildRules = (
			);
			dependencies = (
			);
			name = ContactsList;
			productName = ContactsList;
			productReference = C1ACE14C2739B32000929844 /* ContactsList.app */;
			productType = "com.apple.product-type.application";
		};
/* End PBXNativeTarget section */

/* Begin PBXProject section */
		C1ACE1442739B32000929844 /* Project object */ = {
			isa = PBXProject;
			attributes = {
				BuildIndependentTargetsInParallel = 1;
				LastSwiftUpdateCheck = 1310;
				LastUpgradeCheck = 1310;
				TargetAttributes = {
					C1ACE14B2739B32000929844 = {
						CreatedOnToolsVersion = 13.1;
					};
				};
			};
			buildConfigurationList = C1ACE1472739B32000929844 /* Build configuration list for PBXProject "ContactsList" */;
			compatibilityVersion = "Xcode 13.0";
			developmentRegion = en;
			hasScannedForEncodings = 0;
			knownRegions = (
				en,
				Base,
			);
			mainGroup = C1ACE1432739B32000929844;
			productRefGroup = C1ACE14D2739B32000929844 /* Products */;
			projectDirPath = "";
			projectRoot = "";
			targets = (
				C1ACE14B2739B32000929844 /* ContactsList */,
			);
		};
/* End PBXProject section */

/* Begin PBXResourcesBuildPhase section */
		C1ACE14A2739B32000929844 /* Resources */ = {
			isa = PBXResourcesBuildPhase;
			buildActionMask = 2147483647;
			files = (
				C1ACE15C2739B32100929844 /* LaunchScreen.storyboard in Resources */,
				C1ACE1592739B32100929844 /* Assets.xcassets in Resources */,
				C1ACE1572739B32000929844 /* Main.storyboard in Resources */,
			);
			runOnlyForDeploymentPostprocessing = 0;
		};
/* End PBXResourcesBuildPhase section */

/* Begin PBXSourcesBuildPhase section */
		C1ACE1482739B32000929844 /* Sources */ = {
			isa = PBXSourcesBuildPhase;
			buildActionMask = 2147483647;
			files = (
				C1ACE1662739BB3800929844 /* PersonModel.swift in Sources */,
				C1ACE1642739B3C100929844 /* PersonsTableViewController.swift in Sources */,
				C1ACE1542739B32000929844 /* PersonsSecondTableViewController.swift in Sources */,
				C1ACE1502739B32000929844 /* AppDelegate.swift in Sources */,
				C1ACE1522739B32000929844 /* SceneDelegate.swift in Sources */,
				C166A568273C55D8002628A4 /* PersonInfoViewController.swift in Sources */,
				C1ACE1682739BB5200929844 /* Service.swift in Sources */,
			);
			runOnlyForDeploymentPostprocessing = 0;
		};
/* End PBXSourcesBuildPhase section */

/* Begin PBXVariantGroup section */
		C1ACE1552739B32000929844 /* Main.storyboard */ = {
			isa = PBXVariantGroup;
			children = (
				C1ACE1562739B32000929844 /* Base */,
			);
			name = Main.storyboard;
			sourceTree = "<group>";
		};
		C1ACE15A2739B32100929844 /* LaunchScreen.storyboard */ = {
			isa = PBXVariantGroup;
			children = (
				C1ACE15B2739B32100929844 /* Base */,
			);
			name = LaunchScreen.storyboard;
			sourceTree = "<group>";
		};
/* End PBXVariantGroup section */

/* Begin XCBuildConfiguration section */
		C1ACE15E2739B32100929844 /* Debug */ = {
			isa = XCBuildConfiguration;
			buildSettings = {
				ALWAYS_SEARCH_USER_PATHS = NO;
				CLANG_ANALYZER_NONNULL = YES;
				CLANG_ANALYZER_NUMBER_OBJECT_CONVERSION = YES_AGGRESSIVE;
				CLANG_CXX_LANGUAGE_STANDARD = "gnu++17";
				CLANG_CXX_LIBRARY = "libc++";
				CLANG_ENABLE_MODULES = YES;
				CLANG_ENABLE_OBJC_ARC = YES;
				CLANG_ENABLE_OBJC_WEAK = YES;
				CLANG_WARN_BLOCK_CAPTURE_AUTORELEASING = YES;
				CLANG_WARN_BOOL_CONVERSION = YES;
				CLANG_WARN_COMMA = YES;
				CLANG_WARN_CONSTANT_CONVERSION = YES;
				CLANG_WARN_DEPRECATED_OBJC_IMPLEMENTATIONS = YES;
				CLANG_WARN_DIRECT_OBJC_ISA_USAGE = YES_ERROR;
				CLANG_WARN_DOCUMENTATION_COMMENTS = YES;
				CLANG_WARN_EMPTY_BODY = YES;
				CLANG_WARN_ENUM_CONVERSION = YES;
				CLANG_WARN_INFINITE_RECURSION = YES;
				CLANG_WARN_INT_CONVERSION = YES;
				CLANG_WARN_NON_LITERAL_NULL_CONVERSION = YES;
				CLANG_WARN_OBJC_IMPLICIT_RETAIN_SELF = YES;
				CLANG_WARN_OBJC_LITERAL_CONVERSION = YES;
				CLANG_WARN_OBJC_ROOT_CLASS = YES_ERROR;
				CLANG_WARN_QUOTED_INCLUDE_IN_FRAMEWORK_HEADER = YES;
				CLANG_WARN_RANGE_LOOP_ANALYSIS = YES;
				CLANG_WARN_STRICT_PROTOTYPES = YES;
				CLANG_WARN_SUSPICIOUS_MOVE = YES;
				CLANG_WARN_UNGUARDED_AVAILABILITY = YES_AGGRESSIVE;
				CLANG_WARN_UNREACHABLE_CODE = YES;
				CLANG_WARN__DUPLICATE_METHOD_MATCH = YES;
				COPY_PHASE_STRIP = NO;
				DEBUG_INFORMATION_FORMAT = dwarf;
				ENABLE_STRICT_OBJC_MSGSEND = YES;
				ENABLE_TESTABILITY = YES;
				GCC_C_LANGUAGE_STANDARD = gnu11;
				GCC_DYNAMIC_NO_PIC = NO;
				GCC_NO_COMMON_BLOCKS = YES;
				GCC_OPTIMIZATION_LEVEL = 0;
				GCC_PREPROCESSOR_DEFINITIONS = (
					"DEBUG=1",
					"$(inherited)",
				);
				GCC_WARN_64_TO_32_BIT_CONVERSION = YES;
				GCC_WARN_ABOUT_RETURN_TYPE = YES_ERROR;
				GCC_WARN_UNDECLARED_SELECTOR = YES;
				GCC_WARN_UNINITIALIZED_AUTOS = YES_AGGRESSIVE;
				GCC_WARN_UNUSED_FUNCTION = YES;
				GCC_WARN_UNUSED_VARIABLE = YES;
				IPHONEOS_DEPLOYMENT_TARGET = 15.0;
				MTL_ENABLE_DEBUG_INFO = INCLUDE_SOURCE;
				MTL_FAST_MATH = YES;
				ONLY_ACTIVE_ARCH = YES;
				SDKROOT = iphoneos;
				SWIFT_ACTIVE_COMPILATION_CONDITIONS = DEBUG;
				SWIFT_OPTIMIZATION_LEVEL = "-Onone";
			};
			name = Debug;
		};
		C1ACE15F2739B32100929844 /* Release */ = {
			isa = XCBuildConfiguration;
			buildSettings = {
				ALWAYS_SEARCH_USER_PATHS = NO;
				CLANG_ANALYZER_NONNULL = YES;
				CLANG_ANALYZER_NUMBER_OBJECT_CONVERSION = YES_AGGRESSIVE;
				CLANG_CXX_LANGUAGE_STANDARD = "gnu++17";
				CLANG_CXX_LIBRARY = "libc++";
				CLANG_ENABLE_MODULES = YES;
				CLANG_ENABLE_OBJC_ARC = YES;
				CLANG_ENABLE_OBJC_WEAK = YES;
				CLANG_WARN_BLOCK_CAPTURE_AUTORELEASING = YES;
				CLANG_WARN_BOOL_CONVERSION = YES;
				CLANG_WARN_COMMA = YES;
				CLANG_WARN_CONSTANT_CONVERSION = YES;
				CLANG_WARN_DEPRECATED_OBJC_IMPLEMENTATIONS = YES;
				CLANG_WARN_DIRECT_OBJC_ISA_USAGE = YES_ERROR;
				CLANG_WARN_DOCUMENTATION_COMMENTS = YES;
				CLANG_WARN_EMPTY_BODY = YES;
				CLANG_WARN_ENUM_CONVERSION = YES;
				CLANG_WARN_INFINITE_RECURSION = YES;
				CLANG_WARN_INT_CONVERSION = YES;
				CLANG_WARN_NON_LITERAL_NULL_CONVERSION = YES;
				CLANG_WARN_OBJC_IMPLICIT_RETAIN_SELF = YES;
				CLANG_WARN_OBJC_LITERAL_CONVERSION = YES;
				CLANG_WARN_OBJC_ROOT_CLASS = YES_ERROR;
				CLANG_WARN_QUOTED_INCLUDE_IN_FRAMEWORK_HEADER = YES;
				CLANG_WARN_RANGE_LOOP_ANALYSIS = YES;
				CLANG_WARN_STRICT_PROTOTYPES = YES;
				CLANG_WARN_SUSPICIOUS_MOVE = YES;
				CLANG_WARN_UNGUARDED_AVAILABILITY = YES_AGGRESSIVE;
				CLANG_WARN_UNREACHABLE_CODE = YES;
				CLANG_WARN__DUPLICATE_METHOD_MATCH = YES;
				COPY_PHASE_STRIP = NO;
				DEBUG_INFORMATION_FORMAT = "dwarf-with-dsym";
				ENABLE_NS_ASSERTIONS = NO;
				ENABLE_STRICT_OBJC_MSGSEND = YES;
				GCC_C_LANGUAGE_STANDARD = gnu11;
				GCC_NO_COMMON_BLOCKS = YES;
				GCC_WARN_64_TO_32_BIT_CONVERSION = YES;
				GCC_WARN_ABOUT_RETURN_TYPE = YES_ERROR;
				GCC_WARN_UNDECLARED_SELECTOR = YES;
				GCC_WARN_UNINITIALIZED_AUTOS = YES_AGGRESSIVE;
				GCC_WARN_UNUSED_FUNCTION = YES;
				GCC_WARN_UNUSED_VARIABLE = YES;
				IPHONEOS_DEPLOYMENT_TARGET = 15.0;
				MTL_ENABLE_DEBUG_INFO = NO;
				MTL_FAST_MATH = YES;
				SDKROOT = iphoneos;
				SWIFT_COMPILATION_MODE = wholemodule;
				SWIFT_OPTIMIZATION_LEVEL = "-O";
				VALIDATE_PRODUCT = YES;
			};
			name = Release;
		};
		C1ACE1612739B32100929844 /* Debug */ = {
			isa = XCBuildConfiguration;
			buildSettings = {
				ASSETCATALOG_COMPILER_APPICON_NAME = AppIcon;
				ASSETCATALOG_COMPILER_GLOBAL_ACCENT_COLOR_NAME = AccentColor;
				CODE_SIGN_STYLE = Automatic;
				CURRENT_PROJECT_VERSION = 1;
				DEVELOPMENT_TEAM = NR99YSH76X;
				GENERATE_INFOPLIST_FILE = YES;
				INFOPLIST_FILE = ContactsList/Info.plist;
				INFOPLIST_KEY_UIApplicationSupportsIndirectInputEvents = YES;
				INFOPLIST_KEY_UILaunchStoryboardName = LaunchScreen;
				INFOPLIST_KEY_UIMainStoryboardFile = Main;
				INFOPLIST_KEY_UISupportedInterfaceOrientations_iPad = "UIInterfaceOrientationPortrait UIInterfaceOrientationPortraitUpsideDown UIInterfaceOrientationLandscapeLeft UIInterfaceOrientationLandscapeRight";
				INFOPLIST_KEY_UISupportedInterfaceOrientations_iPhone = "UIInterfaceOrientationPortrait UIInterfaceOrientationLandscapeLeft UIInterfaceOrientationLandscapeRight";
				LD_RUNPATH_SEARCH_PATHS = (
					"$(inherited)",
					"@executable_path/Frameworks",
				);
				MARKETING_VERSION = 1.0;
				PRODUCT_BUNDLE_IDENTIFIER = dbizyukov.ContactsList;
				PRODUCT_NAME = "$(TARGET_NAME)";
				SWIFT_EMIT_LOC_STRINGS = YES;
				SWIFT_VERSION = 5.0;
				TARGETED_DEVICE_FAMILY = "1,2";
			};
			name = Debug;
		};
		C1ACE1622739B32100929844 /* Release */ = {
			isa = XCBuildConfiguration;
			buildSettings = {
				ASSETCATALOG_COMPILER_APPICON_NAME = AppIcon;
				ASSETCATALOG_COMPILER_GLOBAL_ACCENT_COLOR_NAME = AccentColor;
				CODE_SIGN_STYLE = Automatic;
				CURRENT_PROJECT_VERSION = 1;
				DEVELOPMENT_TEAM = NR99YSH76X;
				GENERATE_INFOPLIST_FILE = YES;
				INFOPLIST_FILE = ContactsList/Info.plist;
				INFOPLIST_KEY_UIApplicationSupportsIndirectInputEvents = YES;
				INFOPLIST_KEY_UILaunchStoryboardName = LaunchScreen;
				INFOPLIST_KEY_UIMainStoryboardFile = Main;
				INFOPLIST_KEY_UISupportedInterfaceOrientations_iPad = "UIInterfaceOrientationPortrait UIInterfaceOrientationPortraitUpsideDown UIInterfaceOrientationLandscapeLeft UIInterfaceOrientationLandscapeRight";
				INFOPLIST_KEY_UISupportedInterfaceOrientations_iPhone = "UIInterfaceOrientationPortrait UIInterfaceOrientationLandscapeLeft UIInterfaceOrientationLandscapeRight";
				LD_RUNPATH_SEARCH_PATHS = (
					"$(inherited)",
					"@executable_path/Frameworks",
				);
				MARKETING_VERSION = 1.0;
				PRODUCT_BUNDLE_IDENTIFIER = dbizyukov.ContactsList;
				PRODUCT_NAME = "$(TARGET_NAME)";
				SWIFT_EMIT_LOC_STRINGS = YES;
				SWIFT_VERSION = 5.0;
				TARGETED_DEVICE_FAMILY = "1,2";
			};
			name = Release;
		};
/* End XCBuildConfiguration section */

/* Begin XCConfigurationList section */
		C1ACE1472739B32000929844 /* Build configuration list for PBXProject "ContactsList" */ = {
			isa = XCConfigurationList;
			buildConfigurations = (
				C1ACE15E2739B32100929844 /* Debug */,
				C1ACE15F2739B32100929844 /* Release */,
			);
			defaultConfigurationIsVisible = 0;
			defaultConfigurationName = Release;
		};
		C1ACE1602739B32100929844 /* Build configuration list for PBXNativeTarget "ContactsList" */ = {
			isa = XCConfigurationList;
			buildConfigurations = (
				C1ACE1612739B32100929844 /* Debug */,
				C1ACE1622739B32100929844 /* Release */,
			);
			defaultConfigurationIsVisible = 0;
			defaultConfigurationName = Release;
		};
/* End XCConfigurationList section */
	};
	rootObject = C1ACE1442739B32000929844 /* Project object */;
}
